
Microsoft Visual Studio Solution File, Format Version 12.00
# Visual Studio Version 17
VisualStudioVersion = 17.0.31410.414
MinimumVisualStudioVersion = 10.0.40219.1
Project("{9A19103F-16F7-4668-BE54-9A1E7A4F7556}") = "CameronAnderson", "CameronAnderson\CameronAnderson.csproj", "{755701E7-4A43-4A82-9930-89B5F02CBB2A}"
EndProject
Project("{9A19103F-16F7-4668-BE54-9A1E7A4F7556}") = "CameronAnderson.Resume", "CameronAnderson.Resume\CameronAnderson.Resume.csproj", "{D5DF9021-D5D0-4EFE-B941-1447A11E82A9}"
EndProject
Project("{FAE04EC0-301F-11D3-BF4B-00C04F79EFBC}") = "CameronAnderson.Secure", "CameronAnderson.Secure\CameronAnderson.Secure.csproj", "{A0B69503-A927-4C6B-A26B-464E23D9C201}"
EndProject
Global
	GlobalSection(SolutionConfigurationPlatforms) = preSolution
		Debug|Any CPU = Debug|Any CPU
		Release|Any CPU = Release|Any CPU
	EndGlobalSection
	GlobalSection(ProjectConfigurationPlatforms) = postSolution
		{755701E7-4A43-4A82-9930-89B5F02CBB2A}.Debug|Any CPU.ActiveCfg = Debug|Any CPU
		{755701E7-4A43-4A82-9930-89B5F02CBB2A}.Debug|Any CPU.Build.0 = Debug|Any CPU
		{755701E7-4A43-4A82-9930-89B5F02CBB2A}.Release|Any CPU.ActiveCfg = Release|Any CPU
		{755701E7-4A43-4A82-9930-89B5F02CBB2A}.Release|Any CPU.Build.0 = Release|Any CPU
		{D5DF9021-D5D0-4EFE-B941-1447A11E82A9}.Debug|Any CPU.ActiveCfg = Debug|Any CPU
		{D5DF9021-D5D0-4EFE-B941-1447A11E82A9}.Debug|Any CPU.Build.0 = Debug|Any CPU
		{D5DF9021-D5D0-4EFE-B941-1447A11E82A9}.Release|Any CPU.ActiveCfg = Release|Any CPU
		{D5DF9021-D5D0-4EFE-B941-1447A11E82A9}.Release|Any CPU.Build.0 = Release|Any CPU
		{A0B69503-A927-4C6B-A26B-464E23D9C201}.Debug|Any CPU.ActiveCfg = Debug|Any CPU
		{A0B69503-A927-4C6B-A26B-464E23D9C201}.Debug|Any CPU.Build.0 = Debug|Any CPU
		{A0B69503-A927-4C6B-A26B-464E23D9C201}.Release|Any CPU.ActiveCfg = Release|Any CPU
		{A0B69503-A927-4C6B-A26B-464E23D9C201}.Release|Any CPU.Build.0 = Release|Any CPU
	EndGlobalSection
	GlobalSection(SolutionProperties) = preSolution
		HideSolutionNode = FALSE
	EndGlobalSection
	GlobalSection(ExtensibilityGlobals) = postSolution
		SolutionGuid = {D84BB057-5B09-437C-8CB0-64C117360841}
	EndGlobalSection
EndGlobal
